// !$*UTF8*$!
{
	archiveVersion = 1;
	classes = {
	};
	objectVersion = 77;
	objects = {

/* Begin PBXContainerItemProxy section */
		365646AD2C8C9CCE002CD62C /* PBXContainerItemProxy */ = {
			isa = PBXContainerItemProxy;
			containerPortal = 365646932C8C9CCD002CD62C /* Project object */;
			proxyType = 1;
			remoteGlobalIDString = 3656469A2C8C9CCD002CD62C;
			remoteInfo = CreateSomeRecipeThings;
		};
		365646B72C8C9CCE002CD62C /* PBXContainerItemProxy */ = {
			isa = PBXContainerItemProxy;
			containerPortal = 365646932C8C9CCD002CD62C /* Project object */;
			proxyType = 1;
			remoteGlobalIDString = 3656469A2C8C9CCD002CD62C;
			remoteInfo = CreateSomeRecipeThings;
		};
/* End PBXContainerItemProxy section */

/* Begin PBXFileReference section */
		3656469B2C8C9CCD002CD62C /* CreateSomeRecipeThings.app */ = {isa = PBXFileReference; explicitFileType = wrapper.application; includeInIndex = 0; path = CreateSomeRecipeThings.app; sourceTree = BUILT_PRODUCTS_DIR; };
		365646AC2C8C9CCE002CD62C /* CreateSomeRecipeThingsTests.xctest */ = {isa = PBXFileReference; explicitFileType = wrapper.cfbundle; includeInIndex = 0; path = CreateSomeRecipeThingsTests.xctest; sourceTree = BUILT_PRODUCTS_DIR; };
		365646B62C8C9CCE002CD62C /* CreateSomeRecipeThingsUITests.xctest */ = {isa = PBXFileReference; explicitFileType = wrapper.cfbundle; includeInIndex = 0; path = CreateSomeRecipeThingsUITests.xctest; sourceTree = BUILT_PRODUCTS_DIR; };
/* End PBXFileReference section */

/* Begin PBXFileSystemSynchronizedRootGroup section */
		3656469D2C8C9CCD002CD62C /* CreateSomeRecipeThings */ = {
			isa = PBXFileSystemSynchronizedRootGroup;
			path = CreateSomeRecipeThings;
			sourceTree = "<group>";
		};
		365646AF2C8C9CCE002CD62C /* CreateSomeRecipeThingsTests */ = {
			isa = PBXFileSystemSynchronizedRootGroup;
			path = CreateSomeRecipeThingsTests;
			sourceTree = "<group>";
		};
		365646B92C8C9CCE002CD62C /* CreateSomeRecipeThingsUITests */ = {
			isa = PBXFileSystemSynchronizedRootGroup;
			path = CreateSomeRecipeThingsUITests;
			sourceTree = "<group>";
		};
/* End PBXFileSystemSynchronizedRootGroup section */

/* Begin PBXFrameworksBuildPhase section */
		365646982C8C9CCD002CD62C /* Frameworks */ = {
			isa = PBXFrameworksBuildPhase;
			buildActionMask = 2147483647;
			files = (
			);
			runOnlyForDeploymentPostprocessing = 0;
		};
		365646A92C8C9CCE002CD62C /* Frameworks */ = {
			isa = PBXFrameworksBuildPhase;
			buildActionMask = 2147483647;
			files = (
			);
			runOnlyForDeploymentPostprocessing = 0;
		};
		365646B32C8C9CCE002CD62C /* Frameworks */ = {
			isa = PBXFrameworksBuildPhase;
			buildActionMask = 2147483647;
			files = (
			);
			runOnlyForDeploymentPostprocessing = 0;
		};
/* End PBXFrameworksBuildPhase section */

/* Begin PBXGroup section */
		365646922C8C9CCD002CD62C = {
			isa = PBXGroup;
			children = (
				3656469D2C8C9CCD002CD62C /* CreateSomeRecipeThings */,
				365646AF2C8C9CCE002CD62C /* CreateSomeRecipeThingsTests */,
				365646B92C8C9CCE002CD62C /* CreateSomeRecipeThingsUITests */,
				3656469C2C8C9CCD002CD62C /* Products */,
			);
			sourceTree = "<group>";
		};
		3656469C2C8C9CCD002CD62C /* Products */ = {
			isa = PBXGroup;
			children = (
				3656469B2C8C9CCD002CD62C /* CreateSomeRecipeThings.app */,
				365646AC2C8C9CCE002CD62C /* CreateSomeRecipeThingsTests.xctest */,
				365646B62C8C9CCE002CD62C /* CreateSomeRecipeThingsUITests.xctest */,
			);
			name = Products;
			sourceTree = "<group>";
		};
/* End PBXGroup section */

/* Begin PBXNativeTarget section */
		3656469A2C8C9CCD002CD62C /* CreateSomeRecipeThings */ = {
			isa = PBXNativeTarget;
			buildConfigurationList = 365646C02C8C9CCE002CD62C /* Build configuration list for PBXNativeTarget "CreateSomeRecipeThings" */;
			buildPhases = (
				365646972C8C9CCD002CD62C /* Sources */,
				365646982C8C9CCD002CD62C /* Frameworks */,
				365646992C8C9CCD002CD62C /* Resources */,
			);
			buildRules = (
			);
			dependencies = (
			);
			fileSystemSynchronizedGroups = (
				3656469D2C8C9CCD002CD62C /* CreateSomeRecipeThings */,
			);
			name = CreateSomeRecipeThings;
			packageProductDependencies = (
			);
			productName = CreateSomeRecipeThings;
			productReference = 3656469B2C8C9CCD002CD62C /* CreateSomeRecipeThings.app */;
			productType = "com.apple.product-type.application";
		};
		365646AB2C8C9CCE002CD62C /* CreateSomeRecipeThingsTests */ = {
			isa = PBXNativeTarget;
			buildConfigurationList = 365646C32C8C9CCE002CD62C /* Build configuration list for PBXNativeTarget "CreateSomeRecipeThingsTests" */;
			buildPhases = (
				365646A82C8C9CCE002CD62C /* Sources */,
				365646A92C8C9CCE002CD62C /* Frameworks */,
				365646AA2C8C9CCE002CD62C /* Resources */,
			);
			buildRules = (
			);
			dependencies = (
				365646AE2C8C9CCE002CD62C /* PBXTargetDependency */,
			);
			fileSystemSynchronizedGroups = (
				365646AF2C8C9CCE002CD62C /* CreateSomeRecipeThingsTests */,
			);
			name = CreateSomeRecipeThingsTests;
			packageProductDependencies = (
			);
			productName = CreateSomeRecipeThingsTests;
			productReference = 365646AC2C8C9CCE002CD62C /* CreateSomeRecipeThingsTests.xctest */;
			productType = "com.apple.product-type.bundle.unit-test";
		};
		365646B52C8C9CCE002CD62C /* CreateSomeRecipeThingsUITests */ = {
			isa = PBXNativeTarget;
			buildConfigurationList = 365646C62C8C9CCE002CD62C /* Build configuration list for PBXNativeTarget "CreateSomeRecipeThingsUITests" */;
			buildPhases = (
				365646B22C8C9CCE002CD62C /* Sources */,
				365646B32C8C9CCE002CD62C /* Frameworks */,
				365646B42C8C9CCE002CD62C /* Resources */,
			);
			buildRules = (
			);
			dependencies = (
				365646B82C8C9CCE002CD62C /* PBXTargetDependency */,
			);
			fileSystemSynchronizedGroups = (
				365646B92C8C9CCE002CD62C /* CreateSomeRecipeThingsUITests */,
			);
			name = CreateSomeRecipeThingsUITests;
			packageProductDependencies = (
			);
			productName = CreateSomeRecipeThingsUITests;
			productReference = 365646B62C8C9CCE002CD62C /* CreateSomeRecipeThingsUITests.xctest */;
			productType = "com.apple.product-type.bundle.ui-testing";
		};
/* End PBXNativeTarget section */

/* Begin PBXProject section */
		365646932C8C9CCD002CD62C /* Project object */ = {
			isa = PBXProject;
			attributes = {
				BuildIndependentTargetsInParallel = 1;
				LastSwiftUpdateCheck = 1600;
				LastUpgradeCheck = 1600;
				TargetAttributes = {
					3656469A2C8C9CCD002CD62C = {
						CreatedOnToolsVersion = 16.0;
					};
					365646AB2C8C9CCE002CD62C = {
						CreatedOnToolsVersion = 16.0;
						TestTargetID = 3656469A2C8C9CCD002CD62C;
					};
					365646B52C8C9CCE002CD62C = {
						CreatedOnToolsVersion = 16.0;
						TestTargetID = 3656469A2C8C9CCD002CD62C;
					};
				};
			};
			buildConfigurationList = 365646962C8C9CCD002CD62C /* Build configuration list for PBXProject "CreateSomeRecipeThings" */;
			developmentRegion = en;
			hasScannedForEncodings = 0;
			knownRegions = (
				en,
				Base,
			);
			mainGroup = 365646922C8C9CCD002CD62C;
			minimizedProjectReferenceProxies = 1;
			preferredProjectObjectVersion = 77;
			productRefGroup = 3656469C2C8C9CCD002CD62C /* Products */;
			projectDirPath = "";
			projectRoot = "";
			targets = (
				3656469A2C8C9CCD002CD62C /* CreateSomeRecipeThings */,
				365646AB2C8C9CCE002CD62C /* CreateSomeRecipeThingsTests */,
				365646B52C8C9CCE002CD62C /* CreateSomeRecipeThingsUITests */,
			);
		};
/* End PBXProject section */

/* Begin PBXResourcesBuildPhase section */
		365646992C8C9CCD002CD62C /* Resources */ = {
			isa = PBXResourcesBuildPhase;
			buildActionMask = 2147483647;
			files = (
			);
			runOnlyForDeploymentPostprocessing = 0;
		};
		365646AA2C8C9CCE002CD62C /* Resources */ = {
			isa = PBXResourcesBuildPhase;
			buildActionMask = 2147483647;
			files = (
			);
			runOnlyForDeploymentPostprocessing = 0;
		};
		365646B42C8C9CCE002CD62C /* Resources */ = {
			isa = PBXResourcesBuildPhase;
			buildActionMask = 2147483647;
			files = (
			);
			runOnlyForDeploymentPostprocessing = 0;
		};
/* End PBXResourcesBuildPhase section */

/* Begin PBXSourcesBuildPhase section */
		365646972C8C9CCD002CD62C /* Sources */ = {
			isa = PBXSourcesBuildPhase;
			buildActionMask = 2147483647;
			files = (
			);
			runOnlyForDeploymentPostprocessing = 0;
		};
		365646A82C8C9CCE002CD62C /* Sources */ = {
			isa = PBXSourcesBuildPhase;
			buildActionMask = 2147483647;
			files = (
			);
			runOnlyForDeploymentPostprocessing = 0;
		};
		365646B22C8C9CCE002CD62C /* Sources */ = {
			isa = PBXSourcesBuildPhase;
			buildActionMask = 2147483647;
			files = (
			);
			runOnlyForDeploymentPostprocessing = 0;
		};
/* End PBXSourcesBuildPhase section */

/* Begin PBXTargetDependency section */
		365646AE2C8C9CCE002CD62C /* PBXTargetDependency */ = {
			isa = PBXTargetDependency;
			target = 3656469A2C8C9CCD002CD62C /* CreateSomeRecipeThings */;
			targetProxy = 365646AD2C8C9CCE002CD62C /* PBXContainerItemProxy */;
		};
		365646B82C8C9CCE002CD62C /* PBXTargetDependency */ = {
			isa = PBXTargetDependency;
			target = 3656469A2C8C9CCD002CD62C /* CreateSomeRecipeThings */;
			targetProxy = 365646B72C8C9CCE002CD62C /* PBXContainerItemProxy */;
		};
/* End PBXTargetDependency section */

/* Begin XCBuildConfiguration section */
		365646BE2C8C9CCE002CD62C /* Debug */ = {
			isa = XCBuildConfiguration;
			buildSettings = {
				ALWAYS_SEARCH_USER_PATHS = NO;
				ASSETCATALOG_COMPILER_GENERATE_SWIFT_ASSET_SYMBOL_EXTENSIONS = YES;
				CLANG_ANALYZER_NONNULL = YES;
				CLANG_ANALYZER_NUMBER_OBJECT_CONVERSION = YES_AGGRESSIVE;
				CLANG_CXX_LANGUAGE_STANDARD = "gnu++20";
				CLANG_ENABLE_MODULES = YES;
				CLANG_ENABLE_OBJC_ARC = YES;
				CLANG_ENABLE_OBJC_WEAK = YES;
				CLANG_WARN_BLOCK_CAPTURE_AUTORELEASING = YES;
				CLANG_WARN_BOOL_CONVERSION = YES;
				CLANG_WARN_COMMA = YES;
				CLANG_WARN_CONSTANT_CONVERSION = YES;
				CLANG_WARN_DEPRECATED_OBJC_IMPLEMENTATIONS = YES;
				CLANG_WARN_DIRECT_OBJC_ISA_USAGE = YES_ERROR;
				CLANG_WARN_DOCUMENTATION_COMMENTS = YES;
				CLANG_WARN_EMPTY_BODY = YES;
				CLANG_WARN_ENUM_CONVERSION = YES;
				CLANG_WARN_INFINITE_RECURSION = YES;
				CLANG_WARN_INT_CONVERSION = YES;
				CLANG_WARN_NON_LITERAL_NULL_CONVERSION = YES;
				CLANG_WARN_OBJC_IMPLICIT_RETAIN_SELF = YES;
				CLANG_WARN_OBJC_LITERAL_CONVERSION = YES;
				CLANG_WARN_OBJC_ROOT_CLASS = YES_ERROR;
				CLANG_WARN_QUOTED_INCLUDE_IN_FRAMEWORK_HEADER = YES;
				CLANG_WARN_RANGE_LOOP_ANALYSIS = YES;
				CLANG_WARN_STRICT_PROTOTYPES = YES;
				CLANG_WARN_SUSPICIOUS_MOVE = YES;
				CLANG_WARN_UNGUARDED_AVAILABILITY = YES_AGGRESSIVE;
				CLANG_WARN_UNREACHABLE_CODE = YES;
				CLANG_WARN__DUPLICATE_METHOD_MATCH = YES;
				COPY_PHASE_STRIP = NO;
				DEBUG_INFORMATION_FORMAT = dwarf;
				ENABLE_STRICT_OBJC_MSGSEND = YES;
				ENABLE_TESTABILITY = YES;
				ENABLE_USER_SCRIPT_SANDBOXING = YES;
				GCC_C_LANGUAGE_STANDARD = gnu17;
				GCC_DYNAMIC_NO_PIC = NO;
				GCC_NO_COMMON_BLOCKS = YES;
				GCC_OPTIMIZATION_LEVEL = 0;
				GCC_PREPROCESSOR_DEFINITIONS = (
					"DEBUG=1",
					"$(inherited)",
				);
				GCC_WARN_64_TO_32_BIT_CONVERSION = YES;
				GCC_WARN_ABOUT_RETURN_TYPE = YES_ERROR;
				GCC_WARN_UNDECLARED_SELECTOR = YES;
				GCC_WARN_UNINITIALIZED_AUTOS = YES_AGGRESSIVE;
				GCC_WARN_UNUSED_FUNCTION = YES;
				GCC_WARN_UNUSED_VARIABLE = YES;
				LOCALIZATION_PREFERS_STRING_CATALOGS = YES;
				MTL_ENABLE_DEBUG_INFO = INCLUDE_SOURCE;
				MTL_FAST_MATH = YES;
				ONLY_ACTIVE_ARCH = YES;
				SWIFT_ACTIVE_COMPILATION_CONDITIONS = "DEBUG $(inherited)";
				SWIFT_OPTIMIZATION_LEVEL = "-Onone";
			};
			name = Debug;
		};
		365646BF2C8C9CCE002CD62C /* Release */ = {
			isa = XCBuildConfiguration;
			buildSettings = {
				ALWAYS_SEARCH_USER_PATHS = NO;
				ASSETCATALOG_COMPILER_GENERATE_SWIFT_ASSET_SYMBOL_EXTENSIONS = YES;
				CLANG_ANALYZER_NONNULL = YES;
				CLANG_ANALYZER_NUMBER_OBJECT_CONVERSION = YES_AGGRESSIVE;
				CLANG_CXX_LANGUAGE_STANDARD = "gnu++20";
				CLANG_ENABLE_MODULES = YES;
				CLANG_ENABLE_OBJC_ARC = YES;
				CLANG_ENABLE_OBJC_WEAK = YES;
				CLANG_WARN_BLOCK_CAPTURE_AUTORELEASING = YES;
				CLANG_WARN_BOOL_CONVERSION = YES;
				CLANG_WARN_COMMA = YES;
				CLANG_WARN_CONSTANT_CONVERSION = YES;
				CLANG_WARN_DEPRECATED_OBJC_IMPLEMENTATIONS = YES;
				CLANG_WARN_DIRECT_OBJC_ISA_USAGE = YES_ERROR;
				CLANG_WARN_DOCUMENTATION_COMMENTS = YES;
				CLANG_WARN_EMPTY_BODY = YES;
				CLANG_WARN_ENUM_CONVERSION = YES;
				CLANG_WARN_INFINITE_RECURSION = YES;
				CLANG_WARN_INT_CONVERSION = YES;
				CLANG_WARN_NON_LITERAL_NULL_CONVERSION = YES;
				CLANG_WARN_OBJC_IMPLICIT_RETAIN_SELF = YES;
				CLANG_WARN_OBJC_LITERAL_CONVERSION = YES;
				CLANG_WARN_OBJC_ROOT_CLASS = YES_ERROR;
				CLANG_WARN_QUOTED_INCLUDE_IN_FRAMEWORK_HEADER = YES;
				CLANG_WARN_RANGE_LOOP_ANALYSIS = YES;
				CLANG_WARN_STRICT_PROTOTYPES = YES;
				CLANG_WARN_SUSPICIOUS_MOVE = YES;
				CLANG_WARN_UNGUARDED_AVAILABILITY = YES_AGGRESSIVE;
				CLANG_WARN_UNREACHABLE_CODE = YES;
				CLANG_WARN__DUPLICATE_METHOD_MATCH = YES;
				COPY_PHASE_STRIP = NO;
				DEBUG_INFORMATION_FORMAT = "dwarf-with-dsym";
				ENABLE_NS_ASSERTIONS = NO;
				ENABLE_STRICT_OBJC_MSGSEND = YES;
				ENABLE_USER_SCRIPT_SANDBOXING = YES;
				GCC_C_LANGUAGE_STANDARD = gnu17;
				GCC_NO_COMMON_BLOCKS = YES;
				GCC_WARN_64_TO_32_BIT_CONVERSION = YES;
				GCC_WARN_ABOUT_RETURN_TYPE = YES_ERROR;
				GCC_WARN_UNDECLARED_SELECTOR = YES;
				GCC_WARN_UNINITIALIZED_AUTOS = YES_AGGRESSIVE;
				GCC_WARN_UNUSED_FUNCTION = YES;
				GCC_WARN_UNUSED_VARIABLE = YES;
				LOCALIZATION_PREFERS_STRING_CATALOGS = YES;
				MTL_ENABLE_DEBUG_INFO = NO;
				MTL_FAST_MATH = YES;
				SWIFT_COMPILATION_MODE = wholemodule;
			};
			name = Release;
		};
		365646C12C8C9CCE002CD62C /* Debug */ = {
			isa = XCBuildConfiguration;
			buildSettings = {
				ASSETCATALOG_COMPILER_APPICON_NAME = AppIcon;
				ASSETCATALOG_COMPILER_GLOBAL_ACCENT_COLOR_NAME = AccentColor;
				CODE_SIGN_ENTITLEMENTS = CreateSomeRecipeThings/CreateSomeRecipeThings.entitlements;
				CODE_SIGN_STYLE = Automatic;
				CURRENT_PROJECT_VERSION = 26;
				DEVELOPMENT_ASSET_PATHS = "\"CreateSomeRecipeThings/Preview Content\"";
				DEVELOPMENT_TEAM = YKHW2TJ32G;
				ENABLE_HARDENED_RUNTIME = YES;
				ENABLE_PREVIEWS = YES;
				GENERATE_INFOPLIST_FILE = YES;
				INFOPLIST_KEY_CFBundleDisplayName = RecipeArchive;
				"INFOPLIST_KEY_UIApplicationSceneManifest_Generation[sdk=iphoneos*]" = YES;
				"INFOPLIST_KEY_UIApplicationSceneManifest_Generation[sdk=iphonesimulator*]" = YES;
				"INFOPLIST_KEY_UIApplicationSupportsIndirectInputEvents[sdk=iphoneos*]" = YES;
				"INFOPLIST_KEY_UIApplicationSupportsIndirectInputEvents[sdk=iphonesimulator*]" = YES;
				"INFOPLIST_KEY_UILaunchScreen_Generation[sdk=iphoneos*]" = YES;
				"INFOPLIST_KEY_UILaunchScreen_Generation[sdk=iphonesimulator*]" = YES;
				INFOPLIST_KEY_UILaunchStoryboardName = launchscreen;
				"INFOPLIST_KEY_UIStatusBarStyle[sdk=iphoneos*]" = UIStatusBarStyleDefault;
				"INFOPLIST_KEY_UIStatusBarStyle[sdk=iphonesimulator*]" = UIStatusBarStyleDefault;
				INFOPLIST_KEY_UISupportedInterfaceOrientations_iPad = "UIInterfaceOrientationPortrait UIInterfaceOrientationPortraitUpsideDown UIInterfaceOrientationLandscapeLeft UIInterfaceOrientationLandscapeRight";
				INFOPLIST_KEY_UISupportedInterfaceOrientations_iPhone = "UIInterfaceOrientationPortrait UIInterfaceOrientationLandscapeLeft UIInterfaceOrientationLandscapeRight";
				IPHONEOS_DEPLOYMENT_TARGET = 18.0;
				LD_RUNPATH_SEARCH_PATHS = "@executable_path/Frameworks";
				"LD_RUNPATH_SEARCH_PATHS[sdk=macosx*]" = "@executable_path/../Frameworks";
				MACOSX_DEPLOYMENT_TARGET = 15.0;
				MARKETING_VERSION = 2.0;
				PRODUCT_BUNDLE_IDENTIFIER = com.headydiscy.CreateSomeRecipeThings;
				PRODUCT_NAME = "$(TARGET_NAME)";
				SDKROOT = auto;
				SUPPORTED_PLATFORMS = "iphoneos iphonesimulator macosx xros xrsimulator";
				SWIFT_EMIT_LOC_STRINGS = YES;
				SWIFT_VERSION = 5.0;
				TARGETED_DEVICE_FAMILY = "1,2,7";
				XROS_DEPLOYMENT_TARGET = 2.0;
			};
			name = Debug;
		};
		365646C22C8C9CCE002CD62C /* Release */ = {
			isa = XCBuildConfiguration;
			buildSettings = {
				ASSETCATALOG_COMPILER_APPICON_NAME = AppIcon;
				ASSETCATALOG_COMPILER_GLOBAL_ACCENT_COLOR_NAME = AccentColor;
				CODE_SIGN_ENTITLEMENTS = CreateSomeRecipeThings/CreateSomeRecipeThings.entitlements;
				CODE_SIGN_STYLE = Automatic;
				CURRENT_PROJECT_VERSION = 26;
				DEVELOPMENT_ASSET_PATHS = "\"CreateSomeRecipeThings/Preview Content\"";
				DEVELOPMENT_TEAM = YKHW2TJ32G;
				ENABLE_HARDENED_RUNTIME = YES;
				ENABLE_PREVIEWS = YES;
				GENERATE_INFOPLIST_FILE = YES;
				INFOPLIST_KEY_CFBundleDisplayName = RecipeArchive;
				"INFOPLIST_KEY_UIApplicationSceneManifest_Generation[sdk=iphoneos*]" = YES;
				"INFOPLIST_KEY_UIApplicationSceneManifest_Generation[sdk=iphonesimulator*]" = YES;
				"INFOPLIST_KEY_UIApplicationSupportsIndirectInputEvents[sdk=iphoneos*]" = YES;
				"INFOPLIST_KEY_UIApplicationSupportsIndirectInputEvents[sdk=iphonesimulator*]" = YES;
				"INFOPLIST_KEY_UILaunchScreen_Generation[sdk=iphoneos*]" = YES;
				"INFOPLIST_KEY_UILaunchScreen_Generation[sdk=iphonesimulator*]" = YES;
				INFOPLIST_KEY_UILaunchStoryboardName = launchscreen;
				"INFOPLIST_KEY_UIStatusBarStyle[sdk=iphoneos*]" = UIStatusBarStyleDefault;
				"INFOPLIST_KEY_UIStatusBarStyle[sdk=iphonesimulator*]" = UIStatusBarStyleDefault;
				INFOPLIST_KEY_UISupportedInterfaceOrientations_iPad = "UIInterfaceOrientationPortrait UIInterfaceOrientationPortraitUpsideDown UIInterfaceOrientationLandscapeLeft UIInterfaceOrientationLandscapeRight";
				INFOPLIST_KEY_UISupportedInterfaceOrientations_iPhone = "UIInterfaceOrientationPortrait UIInterfaceOrientationLandscapeLeft UIInterfaceOrientationLandscapeRight";
				IPHONEOS_DEPLOYMENT_TARGET = 18.0;
				LD_RUNPATH_SEARCH_PATHS = "@executable_path/Frameworks";
				"LD_RUNPATH_SEARCH_PATHS[sdk=macosx*]" = "@executable_path/../Frameworks";
				MACOSX_DEPLOYMENT_TARGET = 15.0;
				MARKETING_VERSION = 2.0;
				PRODUCT_BUNDLE_IDENTIFIER = com.headydiscy.CreateSomeRecipeThings;
				PRODUCT_NAME = "$(TARGET_NAME)";
				SDKROOT = auto;
				SUPPORTED_PLATFORMS = "iphoneos iphonesimulator macosx xros xrsimulator";
				SWIFT_EMIT_LOC_STRINGS = YES;
				SWIFT_VERSION = 5.0;
				TARGETED_DEVICE_FAMILY = "1,2,7";
				XROS_DEPLOYMENT_TARGET = 2.0;
			};
			name = Release;
		};
		365646C42C8C9CCE002CD62C /* Debug */ = {
			isa = XCBuildConfiguration;
			buildSettings = {
				BUNDLE_LOADER = "$(TEST_HOST)";
				CODE_SIGN_STYLE = Automatic;
				CURRENT_PROJECT_VERSION = 1;
				DEVELOPMENT_TEAM = YKHW2TJ32G;
				GENERATE_INFOPLIST_FILE = YES;
				IPHONEOS_DEPLOYMENT_TARGET = 18.0;
				MACOSX_DEPLOYMENT_TARGET = 15.0;
				MARKETING_VERSION = 1.0;
				PRODUCT_BUNDLE_IDENTIFIER = com.headydiscy.CreateSomeRecipeThingsTests;
				PRODUCT_NAME = "$(TARGET_NAME)";
				SDKROOT = auto;
				SUPPORTED_PLATFORMS = "iphoneos iphonesimulator macosx xros xrsimulator";
				SWIFT_EMIT_LOC_STRINGS = NO;
				SWIFT_VERSION = 5.0;
				TARGETED_DEVICE_FAMILY = "1,2,7";
				TEST_HOST = "$(BUILT_PRODUCTS_DIR)/CreateSomeRecipeThings.app/$(BUNDLE_EXECUTABLE_FOLDER_PATH)/CreateSomeRecipeThings";
				XROS_DEPLOYMENT_TARGET = 2.0;
			};
			name = Debug;
		};
		365646C52C8C9CCE002CD62C /* Release */ = {
			isa = XCBuildConfiguration;
			buildSettings = {
				BUNDLE_LOADER = "$(TEST_HOST)";
				CODE_SIGN_STYLE = Automatic;
				CURRENT_PROJECT_VERSION = 1;
				DEVELOPMENT_TEAM = YKHW2TJ32G;
				GENERATE_INFOPLIST_FILE = YES;
				IPHONEOS_DEPLOYMENT_TARGET = 18.0;
				MACOSX_DEPLOYMENT_TARGET = 15.0;
				MARKETING_VERSION = 1.0;
				PRODUCT_BUNDLE_IDENTIFIER = com.headydiscy.CreateSomeRecipeThingsTests;
				PRODUCT_NAME = "$(TARGET_NAME)";
				SDKROOT = auto;
				SUPPORTED_PLATFORMS = "iphoneos iphonesimulator macosx xros xrsimulator";
				SWIFT_EMIT_LOC_STRINGS = NO;
				SWIFT_VERSION = 5.0;
				TARGETED_DEVICE_FAMILY = "1,2,7";
				TEST_HOST = "$(BUILT_PRODUCTS_DIR)/CreateSomeRecipeThings.app/$(BUNDLE_EXECUTABLE_FOLDER_PATH)/CreateSomeRecipeThings";
				XROS_DEPLOYMENT_TARGET = 2.0;
			};
			name = Release;
		};
		365646C72C8C9CCE002CD62C /* Debug */ = {
			isa = XCBuildConfiguration;
			buildSettings = {
				CODE_SIGN_STYLE = Automatic;
				CURRENT_PROJECT_VERSION = 1;
				DEVELOPMENT_TEAM = YKHW2TJ32G;
				GENERATE_INFOPLIST_FILE = YES;
				IPHONEOS_DEPLOYMENT_TARGET = 18.0;
				MACOSX_DEPLOYMENT_TARGET = 15.0;
				MARKETING_VERSION = 1.0;
				PRODUCT_BUNDLE_IDENTIFIER = com.headydiscy.CreateSomeRecipeThingsUITests;
				PRODUCT_NAME = "$(TARGET_NAME)";
				SDKROOT = auto;
				SUPPORTED_PLATFORMS = "iphoneos iphonesimulator macosx xros xrsimulator";
				SWIFT_EMIT_LOC_STRINGS = NO;
				SWIFT_VERSION = 5.0;
				TARGETED_DEVICE_FAMILY = "1,2,7";
				TEST_TARGET_NAME = CreateSomeRecipeThings;
				XROS_DEPLOYMENT_TARGET = 2.0;
			};
			name = Debug;
		};
		365646C82C8C9CCE002CD62C /* Release */ = {
			isa = XCBuildConfiguration;
			buildSettings = {
				CODE_SIGN_STYLE = Automatic;
				CURRENT_PROJECT_VERSION = 1;
				DEVELOPMENT_TEAM = YKHW2TJ32G;
				GENERATE_INFOPLIST_FILE = YES;
				IPHONEOS_DEPLOYMENT_TARGET = 18.0;
				MACOSX_DEPLOYMENT_TARGET = 15.0;
				MARKETING_VERSION = 1.0;
				PRODUCT_BUNDLE_IDENTIFIER = com.headydiscy.CreateSomeRecipeThingsUITests;
				PRODUCT_NAME = "$(TARGET_NAME)";
				SDKROOT = auto;
				SUPPORTED_PLATFORMS = "iphoneos iphonesimulator macosx xros xrsimulator";
				SWIFT_EMIT_LOC_STRINGS = NO;
				SWIFT_VERSION = 5.0;
				TARGETED_DEVICE_FAMILY = "1,2,7";
				TEST_TARGET_NAME = CreateSomeRecipeThings;
				XROS_DEPLOYMENT_TARGET = 2.0;
			};
			name = Release;
		};
/* End XCBuildConfiguration section */

/* Begin XCConfigurationList section */
		365646962C8C9CCD002CD62C /* Build configuration list for PBXProject "CreateSomeRecipeThings" */ = {
			isa = XCConfigurationList;
			buildConfigurations = (
				365646BE2C8C9CCE002CD62C /* Debug */,
				365646BF2C8C9CCE002CD62C /* Release */,
			);
			defaultConfigurationIsVisible = 0;
			defaultConfigurationName = Release;
		};
		365646C02C8C9CCE002CD62C /* Build configuration list for PBXNativeTarget "CreateSomeRecipeThings" */ = {
			isa = XCConfigurationList;
			buildConfigurations = (
				365646C12C8C9CCE002CD62C /* Debug */,
				365646C22C8C9CCE002CD62C /* Release */,
			);
			defaultConfigurationIsVisible = 0;
			defaultConfigurationName = Release;
		};
		365646C32C8C9CCE002CD62C /* Build configuration list for PBXNativeTarget "CreateSomeRecipeThingsTests" */ = {
			isa = XCConfigurationList;
			buildConfigurations = (
				365646C42C8C9CCE002CD62C /* Debug */,
				365646C52C8C9CCE002CD62C /* Release */,
			);
			defaultConfigurationIsVisible = 0;
			defaultConfigurationName = Release;
		};
		365646C62C8C9CCE002CD62C /* Build configuration list for PBXNativeTarget "CreateSomeRecipeThingsUITests" */ = {
			isa = XCConfigurationList;
			buildConfigurations = (
				365646C72C8C9CCE002CD62C /* Debug */,
				365646C82C8C9CCE002CD62C /* Release */,
			);
			defaultConfigurationIsVisible = 0;
			defaultConfigurationName = Release;
		};
/* End XCConfigurationList section */
	};
	rootObject = 365646932C8C9CCD002CD62C /* Project object */;
}
